
Microsoft Visual Studio Solution File, Format Version 12.00
# Visual Studio Version 17
VisualStudioVersion = 17.0.31903.59
MinimumVisualStudioVersion = 10.0.40219.1
Project("{FAE04EC0-301F-11D3-BF4B-00C04F79EFBC}") = "Project1", "Project1.csproj", "{000FD878-078E-4115-8E11-6EE8E605CCF5}"
EndProject
Global
	GlobalSection(SolutionConfigurationPlatforms) = preSolution
		Debug|Any CPU = Debug|Any CPU
		Release|Any CPU = Release|Any CPU
	EndGlobalSection
	GlobalSection(ProjectConfigurationPlatforms) = postSolution
		{000FD878-078E-4115-8E11-6EE8E605CCF5}.Debug|Any CPU.ActiveCfg = Debug|Any CPU
		{000FD878-078E-4115-8E11-6EE8E605CCF5}.Debug|Any CPU.Build.0 = Debug|Any CPU
		{000FD878-078E-4115-8E11-6EE8E605CCF5}.Release|Any CPU.ActiveCfg = Release|Any CPU
		{000FD878-078E-4115-8E11-6EE8E605CCF5}.Release|Any CPU.Build.0 = Release|Any CPU
	EndGlobalSection
	GlobalSection(SolutionProperties) = preSolution
		HideSolutionNode = FALSE
	EndGlobalSection
	GlobalSection(ExtensibilityGlobals) = postSolution
		SolutionGuid = {FAA76A1D-A8DB-49D5-91E8-4CB1977EAD82}
	EndGlobalSection
EndGlobal
